// !$*UTF8*$!
{
	archiveVersion = 1;
	classes = {
	};
	objectVersion = 50;
	objects = {

/* Begin PBXBuildFile section */
		01106DC8220601FB00C0DA40 /* FeesViewController.swift in Sources */ = {isa = PBXBuildFile; fileRef = 01106DC7220601FB00C0DA40 /* FeesViewController.swift */; };
		0110BB2E21F32B5500E6546A /* AppDelegate.swift in Sources */ = {isa = PBXBuildFile; fileRef = 0110BB2D21F32B5500E6546A /* AppDelegate.swift */; };
		0110BB3021F32B5500E6546A /* LoginViewController.swift in Sources */ = {isa = PBXBuildFile; fileRef = 0110BB2F21F32B5500E6546A /* LoginViewController.swift */; };
		0110BB3521F32B5600E6546A /* Assets.xcassets in Resources */ = {isa = PBXBuildFile; fileRef = 0110BB3421F32B5600E6546A /* Assets.xcassets */; };
		0110BB3821F32B5600E6546A /* LaunchScreen.storyboard in Resources */ = {isa = PBXBuildFile; fileRef = 0110BB3621F32B5600E6546A /* LaunchScreen.storyboard */; };
		0110BB4121F32DA600E6546A /* Extensions.swift in Sources */ = {isa = PBXBuildFile; fileRef = 0110BB4021F32DA600E6546A /* Extensions.swift */; };
		0110BB4421F33D1A00E6546A /* LoginPageCell.swift in Sources */ = {isa = PBXBuildFile; fileRef = 0110BB4321F33D1A00E6546A /* LoginPageCell.swift */; };
		0112A68621F4605200B269FA /* DashboardViewController.swift in Sources */ = {isa = PBXBuildFile; fileRef = 0112A68521F4605200B269FA /* DashboardViewController.swift */; };
		0112A68A21F4607000B269FA /* ContactsViewController.swift in Sources */ = {isa = PBXBuildFile; fileRef = 0112A68921F4607000B269FA /* ContactsViewController.swift */; };
		0112A68C21F4607E00B269FA /* AboutViewController.swift in Sources */ = {isa = PBXBuildFile; fileRef = 0112A68B21F4607E00B269FA /* AboutViewController.swift */; };
		0112A69021F4884F00B269FA /* FacultyContactModel.swift in Sources */ = {isa = PBXBuildFile; fileRef = 0112A68F21F4884F00B269FA /* FacultyContactModel.swift */; };
		01197BA3222A74E1002F1FC6 /* SettingsViewController.swift in Sources */ = {isa = PBXBuildFile; fileRef = 01197BA2222A74E1002F1FC6 /* SettingsViewController.swift */; };
		01197BA5222A8030002F1FC6 /* Settings.storyboard in Resources */ = {isa = PBXBuildFile; fileRef = 01197BA4222A8030002F1FC6 /* Settings.storyboard */; };
		01197BA7222AA5D5002F1FC6 /* AppInfoViewController.swift in Sources */ = {isa = PBXBuildFile; fileRef = 01197BA6222AA5D5002F1FC6 /* AppInfoViewController.swift */; };
		01255054220E05FA008926A6 /* SessionManager.swift in Sources */ = {isa = PBXBuildFile; fileRef = 01255053220E05FA008926A6 /* SessionManager.swift */; };
		01261C992201F7CF00E6EB63 /* EventsViewController.swift in Sources */ = {isa = PBXBuildFile; fileRef = 01261C982201F7CF00E6EB63 /* EventsViewController.swift */; };
		01261C9B2201FEDA00E6EB63 /* Enumerators.swift in Sources */ = {isa = PBXBuildFile; fileRef = 01261C9A2201FEDA00E6EB63 /* Enumerators.swift */; };
		01261C9D220200B300E6EB63 /* EventsCell.swift in Sources */ = {isa = PBXBuildFile; fileRef = 01261C9C220200B300E6EB63 /* EventsCell.swift */; };
		013AE8E6220348B800A8831C /* GPAViewController.swift in Sources */ = {isa = PBXBuildFile; fileRef = 013AE8E5220348B800A8831C /* GPAViewController.swift */; };
		013AE8E82203546A00A8831C /* GPACell.swift in Sources */ = {isa = PBXBuildFile; fileRef = 013AE8E72203546A00A8831C /* GPACell.swift */; };
		013AE8EB2203682900A8831C /* Service.swift in Sources */ = {isa = PBXBuildFile; fileRef = 013AE8EA2203682900A8831C /* Service.swift */; };
		013F512B220C79BE007D1390 /* BiometricsHelper.swift in Sources */ = {isa = PBXBuildFile; fileRef = 013F512A220C79BE007D1390 /* BiometricsHelper.swift */; };
		013F512D220C8EE6007D1390 /* BiometricAuthController.swift in Sources */ = {isa = PBXBuildFile; fileRef = 013F512C220C8EE6007D1390 /* BiometricAuthController.swift */; };
		0143EB6F21F5FDA3006B39F2 /* FacultyContactViewController.swift in Sources */ = {isa = PBXBuildFile; fileRef = 0143EB6E21F5FDA3006B39F2 /* FacultyContactViewController.swift */; };
		014512C221F79E8000407B91 /* DashboardModel.swift in Sources */ = {isa = PBXBuildFile; fileRef = 014512BB21F79E8000407B91 /* DashboardModel.swift */; };
		014512C321F79E8000407B91 /* EventsModel.swift in Sources */ = {isa = PBXBuildFile; fileRef = 014512BC21F79E8000407B91 /* EventsModel.swift */; };
		014512C421F79E8000407B91 /* GpaModel.swift in Sources */ = {isa = PBXBuildFile; fileRef = 014512BD21F79E8000407B91 /* GpaModel.swift */; };
		014512C521F79E8000407B91 /* AttendanceModel.swift in Sources */ = {isa = PBXBuildFile; fileRef = 014512BE21F79E8000407B91 /* AttendanceModel.swift */; };
		014512C621F79E8000407B91 /* FeeModel.swift in Sources */ = {isa = PBXBuildFile; fileRef = 014512BF21F79E8000407B91 /* FeeModel.swift */; };
		014512C721F79E8000407B91 /* ResultsModel.swift in Sources */ = {isa = PBXBuildFile; fileRef = 014512C021F79E8000407B91 /* ResultsModel.swift */; };
		014512C821F79E8000407B91 /* InternalsModel.swift in Sources */ = {isa = PBXBuildFile; fileRef = 014512C121F79E8000407B91 /* InternalsModel.swift */; };
		01474B53220AC8470073EBF6 /* AttendanceNotificationDelegate.swift in Sources */ = {isa = PBXBuildFile; fileRef = 01474B52220AC8470073EBF6 /* AttendanceNotificationDelegate.swift */; };
		01483C482209BDDD0017E88A /* BottomMenuSheetController.swift in Sources */ = {isa = PBXBuildFile; fileRef = 01483C472209BDDD0017E88A /* BottomMenuSheetController.swift */; };
		01483C4A2209C5CC0017E88A /* BottomMenuSheetCell.swift in Sources */ = {isa = PBXBuildFile; fileRef = 01483C492209C5CC0017E88A /* BottomMenuSheetCell.swift */; };
		01483C4C2209CB5A0017E88A /* BottomMenuSheetModel.swift in Sources */ = {isa = PBXBuildFile; fileRef = 01483C4B2209CB5A0017E88A /* BottomMenuSheetModel.swift */; };
		01483C502209DBFE0017E88A /* BottomSheetDelegate.swift in Sources */ = {isa = PBXBuildFile; fileRef = 01483C4F2209DBFE0017E88A /* BottomSheetDelegate.swift */; };
		01483C52220A0DD50017E88A /* NotificationHelper.swift in Sources */ = {isa = PBXBuildFile; fileRef = 01483C51220A0DD50017E88A /* NotificationHelper.swift */; };
		014B8E942211E4D600C0296B /* DashboardHeaderView.swift in Sources */ = {isa = PBXBuildFile; fileRef = 014B8E932211E4D600C0296B /* DashboardHeaderView.swift */; };
		014B8E962211F86B00C0296B /* StudentDetailedView.swift in Sources */ = {isa = PBXBuildFile; fileRef = 014B8E952211F86B00C0296B /* StudentDetailedView.swift */; };
		01505C1C21F34265005D7971 /* LoginPage.swift in Sources */ = {isa = PBXBuildFile; fileRef = 01505C1B21F34265005D7971 /* LoginPage.swift */; };
		01505C1E21F38D60005D7971 /* LoginCell.swift in Sources */ = {isa = PBXBuildFile; fileRef = 01505C1D21F38D60005D7971 /* LoginCell.swift */; };
		0168081821FF7C52007AA4DC /* MenuModel.swift in Sources */ = {isa = PBXBuildFile; fileRef = 0168081721FF7C52007AA4DC /* MenuModel.swift */; };
		0168081A21FF7C7B007AA4DC /* DashCell.swift in Sources */ = {isa = PBXBuildFile; fileRef = 0168081921FF7C7B007AA4DC /* DashCell.swift */; };
		0168081C21FF7DD2007AA4DC /* AttendanceViewController.swift in Sources */ = {isa = PBXBuildFile; fileRef = 0168081B21FF7DD2007AA4DC /* AttendanceViewController.swift */; };
		0168081E21FF7E01007AA4DC /* AttendanceCell.swift in Sources */ = {isa = PBXBuildFile; fileRef = 0168081D21FF7E01007AA4DC /* AttendanceCell.swift */; };
		016D38CB220EC04200F12B0F /* app_pub in Resources */ = {isa = PBXBuildFile; fileRef = 016D38CA220EC04200F12B0F /* app_pub */; };
		01A400AF220590A900D6E510 /* ResultsViewController.swift in Sources */ = {isa = PBXBuildFile; fileRef = 01A400AE220590A900D6E510 /* ResultsViewController.swift */; };
		01A400B1220591E300D6E510 /* ResultsCell.swift in Sources */ = {isa = PBXBuildFile; fileRef = 01A400B0220591E300D6E510 /* ResultsCell.swift */; };
		01A82FA322044A4C002A13DF /* InternalsViewController.swift in Sources */ = {isa = PBXBuildFile; fileRef = 01A82FA222044A4C002A13DF /* InternalsViewController.swift */; };
		01A82FA52204562D002A13DF /* InternalsCell.swift in Sources */ = {isa = PBXBuildFile; fileRef = 01A82FA42204562D002A13DF /* InternalsCell.swift */; };
		01AFF686222815DA002403AF /* ShortcutsHelper.swift in Sources */ = {isa = PBXBuildFile; fileRef = 01AFF685222815DA002403AF /* ShortcutsHelper.swift */; };
		01AFF68D22282D3F002403AF /* NotificationCenter.framework in Frameworks */ = {isa = PBXBuildFile; fileRef = 01AFF68C22282D3F002403AF /* NotificationCenter.framework */; };
		01AFF69022282D3F002403AF /* TodayViewController.swift in Sources */ = {isa = PBXBuildFile; fileRef = 01AFF68F22282D3F002403AF /* TodayViewController.swift */; };
		01AFF69322282D3F002403AF /* MainInterface.storyboard in Resources */ = {isa = PBXBuildFile; fileRef = 01AFF69122282D3F002403AF /* MainInterface.storyboard */; };
		01AFF69722282D3F002403AF /* Attendance Widget.appex in Embed App Extensions */ = {isa = PBXBuildFile; fileRef = 01AFF68B22282D3F002403AF /* Attendance Widget.appex */; settings = {ATTRIBUTES = (RemoveHeadersOnCopy, ); }; };
		01AFF69C2228308C002403AF /* Assets.xcassets in Resources */ = {isa = PBXBuildFile; fileRef = 0110BB3421F32B5600E6546A /* Assets.xcassets */; };
		01AFF69F22283756002403AF /* Constants.swift in Sources */ = {isa = PBXBuildFile; fileRef = 01E9623621F4DB40002C9899 /* Constants.swift */; };
		01AFF6A022283756002403AF /* UtilityFunctions.swift in Sources */ = {isa = PBXBuildFile; fileRef = 01E9623821F4F48F002C9899 /* UtilityFunctions.swift */; };
		01AFF6A122283766002403AF /* AttendanceModel.swift in Sources */ = {isa = PBXBuildFile; fileRef = 014512BE21F79E8000407B91 /* AttendanceModel.swift */; };
		01AFF6A222283779002403AF /* Extensions.swift in Sources */ = {isa = PBXBuildFile; fileRef = 0110BB4021F32DA600E6546A /* Extensions.swift */; };
		01B4C95621F4CA0E004D0DB4 /* Encryptor.swift in Sources */ = {isa = PBXBuildFile; fileRef = 01B4C95521F4CA0E004D0DB4 /* Encryptor.swift */; };
		01E9623721F4DB40002C9899 /* Constants.swift in Sources */ = {isa = PBXBuildFile; fileRef = 01E9623621F4DB40002C9899 /* Constants.swift */; };
		01E9623921F4F48F002C9899 /* UtilityFunctions.swift in Sources */ = {isa = PBXBuildFile; fileRef = 01E9623821F4F48F002C9899 /* UtilityFunctions.swift */; };
		01FD5A7522008F3D00ECDF3E /* LoginDelegate.swift in Sources */ = {isa = PBXBuildFile; fileRef = 01FD5A7422008F3D00ECDF3E /* LoginDelegate.swift */; };
		890109C6982CC14354E641F8 /* Pods_MUJ_Buddy.framework in Frameworks */ = {isa = PBXBuildFile; fileRef = BCFC1217EBE133AD5012E206 /* Pods_MUJ_Buddy.framework */; };
/* End PBXBuildFile section */

/* Begin PBXContainerItemProxy section */
		01AFF69522282D3F002403AF /* PBXContainerItemProxy */ = {
			isa = PBXContainerItemProxy;
			containerPortal = 0110BB2221F32B5500E6546A /* Project object */;
			proxyType = 1;
			remoteGlobalIDString = 01AFF68A22282D3F002403AF;
			remoteInfo = "Attendance Widget";
		};
/* End PBXContainerItemProxy section */

/* Begin PBXCopyFilesBuildPhase section */
		01AFF69B22282D3F002403AF /* Embed App Extensions */ = {
			isa = PBXCopyFilesBuildPhase;
			buildActionMask = 2147483647;
			dstPath = "";
			dstSubfolderSpec = 13;
			files = (
				01AFF69722282D3F002403AF /* Attendance Widget.appex in Embed App Extensions */,
			);
			name = "Embed App Extensions";
			runOnlyForDeploymentPostprocessing = 0;
		};
/* End PBXCopyFilesBuildPhase section */

/* Begin PBXFileReference section */
		01106DC7220601FB00C0DA40 /* FeesViewController.swift */ = {isa = PBXFileReference; lastKnownFileType = sourcecode.swift; path = FeesViewController.swift; sourceTree = "<group>"; };
		0110BB2A21F32B5500E6546A /* MUJ Buddy.app */ = {isa = PBXFileReference; explicitFileType = wrapper.application; includeInIndex = 0; path = "MUJ Buddy.app"; sourceTree = BUILT_PRODUCTS_DIR; };
		0110BB2D21F32B5500E6546A /* AppDelegate.swift */ = {isa = PBXFileReference; lastKnownFileType = sourcecode.swift; path = AppDelegate.swift; sourceTree = "<group>"; };
		0110BB2F21F32B5500E6546A /* LoginViewController.swift */ = {isa = PBXFileReference; lastKnownFileType = sourcecode.swift; path = LoginViewController.swift; sourceTree = "<group>"; };
		0110BB3421F32B5600E6546A /* Assets.xcassets */ = {isa = PBXFileReference; lastKnownFileType = folder.assetcatalog; path = Assets.xcassets; sourceTree = "<group>"; };
		0110BB3721F32B5600E6546A /* Base */ = {isa = PBXFileReference; lastKnownFileType = file.storyboard; name = Base; path = Base.lproj/LaunchScreen.storyboard; sourceTree = "<group>"; };
		0110BB3921F32B5600E6546A /* Info.plist */ = {isa = PBXFileReference; lastKnownFileType = text.plist.xml; path = Info.plist; sourceTree = "<group>"; };
		0110BB4021F32DA600E6546A /* Extensions.swift */ = {isa = PBXFileReference; lastKnownFileType = sourcecode.swift; path = Extensions.swift; sourceTree = "<group>"; };
		0110BB4321F33D1A00E6546A /* LoginPageCell.swift */ = {isa = PBXFileReference; lastKnownFileType = sourcecode.swift; path = LoginPageCell.swift; sourceTree = "<group>"; };
		0112A68521F4605200B269FA /* DashboardViewController.swift */ = {isa = PBXFileReference; lastKnownFileType = sourcecode.swift; path = DashboardViewController.swift; sourceTree = "<group>"; };
		0112A68921F4607000B269FA /* ContactsViewController.swift */ = {isa = PBXFileReference; lastKnownFileType = sourcecode.swift; path = ContactsViewController.swift; sourceTree = "<group>"; };
		0112A68B21F4607E00B269FA /* AboutViewController.swift */ = {isa = PBXFileReference; lastKnownFileType = sourcecode.swift; path = AboutViewController.swift; sourceTree = "<group>"; };
		0112A68F21F4884F00B269FA /* FacultyContactModel.swift */ = {isa = PBXFileReference; lastKnownFileType = sourcecode.swift; path = FacultyContactModel.swift; sourceTree = "<group>"; };
		01197BA2222A74E1002F1FC6 /* SettingsViewController.swift */ = {isa = PBXFileReference; lastKnownFileType = sourcecode.swift; path = SettingsViewController.swift; sourceTree = "<group>"; };
		01197BA4222A8030002F1FC6 /* Settings.storyboard */ = {isa = PBXFileReference; lastKnownFileType = file.storyboard; path = Settings.storyboard; sourceTree = "<group>"; };
		01197BA6222AA5D5002F1FC6 /* AppInfoViewController.swift */ = {isa = PBXFileReference; lastKnownFileType = sourcecode.swift; path = AppInfoViewController.swift; sourceTree = "<group>"; };
		01255053220E05FA008926A6 /* SessionManager.swift */ = {isa = PBXFileReference; lastKnownFileType = sourcecode.swift; path = SessionManager.swift; sourceTree = "<group>"; };
		01261C982201F7CF00E6EB63 /* EventsViewController.swift */ = {isa = PBXFileReference; lastKnownFileType = sourcecode.swift; path = EventsViewController.swift; sourceTree = "<group>"; };
		01261C9A2201FEDA00E6EB63 /* Enumerators.swift */ = {isa = PBXFileReference; lastKnownFileType = sourcecode.swift; path = Enumerators.swift; sourceTree = "<group>"; };
		01261C9C220200B300E6EB63 /* EventsCell.swift */ = {isa = PBXFileReference; lastKnownFileType = sourcecode.swift; path = EventsCell.swift; sourceTree = "<group>"; };
		013AE8E5220348B800A8831C /* GPAViewController.swift */ = {isa = PBXFileReference; lastKnownFileType = sourcecode.swift; path = GPAViewController.swift; sourceTree = "<group>"; };
		013AE8E72203546A00A8831C /* GPACell.swift */ = {isa = PBXFileReference; lastKnownFileType = sourcecode.swift; path = GPACell.swift; sourceTree = "<group>"; };
		013AE8EA2203682900A8831C /* Service.swift */ = {isa = PBXFileReference; lastKnownFileType = sourcecode.swift; path = Service.swift; sourceTree = "<group>"; };
		013F512A220C79BE007D1390 /* BiometricsHelper.swift */ = {isa = PBXFileReference; lastKnownFileType = sourcecode.swift; path = BiometricsHelper.swift; sourceTree = "<group>"; };
		013F512C220C8EE6007D1390 /* BiometricAuthController.swift */ = {isa = PBXFileReference; lastKnownFileType = sourcecode.swift; path = BiometricAuthController.swift; sourceTree = "<group>"; };
		0143EB6E21F5FDA3006B39F2 /* FacultyContactViewController.swift */ = {isa = PBXFileReference; lastKnownFileType = sourcecode.swift; path = FacultyContactViewController.swift; sourceTree = "<group>"; };
		014512BB21F79E8000407B91 /* DashboardModel.swift */ = {isa = PBXFileReference; fileEncoding = 4; lastKnownFileType = sourcecode.swift; path = DashboardModel.swift; sourceTree = "<group>"; };
		014512BC21F79E8000407B91 /* EventsModel.swift */ = {isa = PBXFileReference; fileEncoding = 4; lastKnownFileType = sourcecode.swift; path = EventsModel.swift; sourceTree = "<group>"; };
		014512BD21F79E8000407B91 /* GpaModel.swift */ = {isa = PBXFileReference; fileEncoding = 4; lastKnownFileType = sourcecode.swift; path = GpaModel.swift; sourceTree = "<group>"; };
		014512BE21F79E8000407B91 /* AttendanceModel.swift */ = {isa = PBXFileReference; fileEncoding = 4; lastKnownFileType = sourcecode.swift; path = AttendanceModel.swift; sourceTree = "<group>"; };
		014512BF21F79E8000407B91 /* FeeModel.swift */ = {isa = PBXFileReference; fileEncoding = 4; lastKnownFileType = sourcecode.swift; path = FeeModel.swift; sourceTree = "<group>"; };
		014512C021F79E8000407B91 /* ResultsModel.swift */ = {isa = PBXFileReference; fileEncoding = 4; lastKnownFileType = sourcecode.swift; path = ResultsModel.swift; sourceTree = "<group>"; };
		014512C121F79E8000407B91 /* InternalsModel.swift */ = {isa = PBXFileReference; fileEncoding = 4; lastKnownFileType = sourcecode.swift; path = InternalsModel.swift; sourceTree = "<group>"; };
		01474B52220AC8470073EBF6 /* AttendanceNotificationDelegate.swift */ = {isa = PBXFileReference; lastKnownFileType = sourcecode.swift; path = AttendanceNotificationDelegate.swift; sourceTree = "<group>"; };
		01483C472209BDDD0017E88A /* BottomMenuSheetController.swift */ = {isa = PBXFileReference; lastKnownFileType = sourcecode.swift; path = BottomMenuSheetController.swift; sourceTree = "<group>"; };
		01483C492209C5CC0017E88A /* BottomMenuSheetCell.swift */ = {isa = PBXFileReference; lastKnownFileType = sourcecode.swift; path = BottomMenuSheetCell.swift; sourceTree = "<group>"; };
		01483C4B2209CB5A0017E88A /* BottomMenuSheetModel.swift */ = {isa = PBXFileReference; lastKnownFileType = sourcecode.swift; path = BottomMenuSheetModel.swift; sourceTree = "<group>"; };
		01483C4F2209DBFE0017E88A /* BottomSheetDelegate.swift */ = {isa = PBXFileReference; lastKnownFileType = sourcecode.swift; path = BottomSheetDelegate.swift; sourceTree = "<group>"; };
		01483C51220A0DD50017E88A /* NotificationHelper.swift */ = {isa = PBXFileReference; lastKnownFileType = sourcecode.swift; path = NotificationHelper.swift; sourceTree = "<group>"; };
		014B8E932211E4D600C0296B /* DashboardHeaderView.swift */ = {isa = PBXFileReference; lastKnownFileType = sourcecode.swift; path = DashboardHeaderView.swift; sourceTree = "<group>"; };
		014B8E952211F86B00C0296B /* StudentDetailedView.swift */ = {isa = PBXFileReference; lastKnownFileType = sourcecode.swift; path = StudentDetailedView.swift; sourceTree = "<group>"; };
		01505C1B21F34265005D7971 /* LoginPage.swift */ = {isa = PBXFileReference; lastKnownFileType = sourcecode.swift; path = LoginPage.swift; sourceTree = "<group>"; };
		01505C1D21F38D60005D7971 /* LoginCell.swift */ = {isa = PBXFileReference; lastKnownFileType = sourcecode.swift; path = LoginCell.swift; sourceTree = "<group>"; };
		0168081721FF7C52007AA4DC /* MenuModel.swift */ = {isa = PBXFileReference; lastKnownFileType = sourcecode.swift; path = MenuModel.swift; sourceTree = "<group>"; };
		0168081921FF7C7B007AA4DC /* DashCell.swift */ = {isa = PBXFileReference; lastKnownFileType = sourcecode.swift; path = DashCell.swift; sourceTree = "<group>"; };
		0168081B21FF7DD2007AA4DC /* AttendanceViewController.swift */ = {isa = PBXFileReference; lastKnownFileType = sourcecode.swift; path = AttendanceViewController.swift; sourceTree = "<group>"; };
		0168081D21FF7E01007AA4DC /* AttendanceCell.swift */ = {isa = PBXFileReference; lastKnownFileType = sourcecode.swift; path = AttendanceCell.swift; sourceTree = "<group>"; };
		016D38CA220EC04200F12B0F /* app_pub */ = {isa = PBXFileReference; fileEncoding = 4; lastKnownFileType = text; path = app_pub; sourceTree = "<group>"; };
		01A400AE220590A900D6E510 /* ResultsViewController.swift */ = {isa = PBXFileReference; lastKnownFileType = sourcecode.swift; path = ResultsViewController.swift; sourceTree = "<group>"; };
		01A400B0220591E300D6E510 /* ResultsCell.swift */ = {isa = PBXFileReference; lastKnownFileType = sourcecode.swift; path = ResultsCell.swift; sourceTree = "<group>"; };
		01A82FA222044A4C002A13DF /* InternalsViewController.swift */ = {isa = PBXFileReference; lastKnownFileType = sourcecode.swift; path = InternalsViewController.swift; sourceTree = "<group>"; };
		01A82FA42204562D002A13DF /* InternalsCell.swift */ = {isa = PBXFileReference; lastKnownFileType = sourcecode.swift; path = InternalsCell.swift; sourceTree = "<group>"; };
		01AFF685222815DA002403AF /* ShortcutsHelper.swift */ = {isa = PBXFileReference; lastKnownFileType = sourcecode.swift; path = ShortcutsHelper.swift; sourceTree = "<group>"; };
		01AFF68B22282D3F002403AF /* Attendance Widget.appex */ = {isa = PBXFileReference; explicitFileType = "wrapper.app-extension"; includeInIndex = 0; path = "Attendance Widget.appex"; sourceTree = BUILT_PRODUCTS_DIR; };
		01AFF68C22282D3F002403AF /* NotificationCenter.framework */ = {isa = PBXFileReference; lastKnownFileType = wrapper.framework; name = NotificationCenter.framework; path = System/Library/Frameworks/NotificationCenter.framework; sourceTree = SDKROOT; };
		01AFF68F22282D3F002403AF /* TodayViewController.swift */ = {isa = PBXFileReference; lastKnownFileType = sourcecode.swift; path = TodayViewController.swift; sourceTree = "<group>"; };
		01AFF69222282D3F002403AF /* Base */ = {isa = PBXFileReference; lastKnownFileType = file.storyboard; name = Base; path = Base.lproj/MainInterface.storyboard; sourceTree = "<group>"; };
		01AFF69422282D3F002403AF /* Info.plist */ = {isa = PBXFileReference; lastKnownFileType = text.plist.xml; path = Info.plist; sourceTree = "<group>"; };
		01AFF6A3222839B0002403AF /* MUJ Buddy.entitlements */ = {isa = PBXFileReference; lastKnownFileType = text.plist.entitlements; path = "MUJ Buddy.entitlements"; sourceTree = "<group>"; };
		01AFF6A4222839DC002403AF /* Attendance Widget.entitlements */ = {isa = PBXFileReference; lastKnownFileType = text.plist.entitlements; path = "Attendance Widget.entitlements"; sourceTree = "<group>"; };
		01B4C95521F4CA0E004D0DB4 /* Encryptor.swift */ = {isa = PBXFileReference; lastKnownFileType = sourcecode.swift; path = Encryptor.swift; sourceTree = "<group>"; };
		01E9623621F4DB40002C9899 /* Constants.swift */ = {isa = PBXFileReference; lastKnownFileType = sourcecode.swift; path = Constants.swift; sourceTree = "<group>"; };
		01E9623821F4F48F002C9899 /* UtilityFunctions.swift */ = {isa = PBXFileReference; lastKnownFileType = sourcecode.swift; path = UtilityFunctions.swift; sourceTree = "<group>"; };
		01FD5A7422008F3D00ECDF3E /* LoginDelegate.swift */ = {isa = PBXFileReference; lastKnownFileType = sourcecode.swift; path = LoginDelegate.swift; sourceTree = "<group>"; };
		55CB5F7C880ACE96728787BA /* Pods-MUJ Buddy.debug.xcconfig */ = {isa = PBXFileReference; includeInIndex = 1; lastKnownFileType = text.xcconfig; name = "Pods-MUJ Buddy.debug.xcconfig"; path = "Pods/Target Support Files/Pods-MUJ Buddy/Pods-MUJ Buddy.debug.xcconfig"; sourceTree = "<group>"; };
		BCFC1217EBE133AD5012E206 /* Pods_MUJ_Buddy.framework */ = {isa = PBXFileReference; explicitFileType = wrapper.framework; includeInIndex = 0; path = Pods_MUJ_Buddy.framework; sourceTree = BUILT_PRODUCTS_DIR; };
		BE30A9571057720BD343ED4A /* Pods-MUJ Buddy.release.xcconfig */ = {isa = PBXFileReference; includeInIndex = 1; lastKnownFileType = text.xcconfig; name = "Pods-MUJ Buddy.release.xcconfig"; path = "Pods/Target Support Files/Pods-MUJ Buddy/Pods-MUJ Buddy.release.xcconfig"; sourceTree = "<group>"; };
/* End PBXFileReference section */

/* Begin PBXFrameworksBuildPhase section */
		0110BB2721F32B5500E6546A /* Frameworks */ = {
			isa = PBXFrameworksBuildPhase;
			buildActionMask = 2147483647;
			files = (
				890109C6982CC14354E641F8 /* Pods_MUJ_Buddy.framework in Frameworks */,
			);
			runOnlyForDeploymentPostprocessing = 0;
		};
		01AFF68822282D3F002403AF /* Frameworks */ = {
			isa = PBXFrameworksBuildPhase;
			buildActionMask = 2147483647;
			files = (
				01AFF68D22282D3F002403AF /* NotificationCenter.framework in Frameworks */,
			);
			runOnlyForDeploymentPostprocessing = 0;
		};
/* End PBXFrameworksBuildPhase section */

/* Begin PBXGroup section */
		0110BB2121F32B5500E6546A = {
			isa = PBXGroup;
			children = (
				0110BB2C21F32B5500E6546A /* MUJ Buddy */,
				01AFF68E22282D3F002403AF /* Attendance Widget */,
				0110BB2B21F32B5500E6546A /* Products */,
				8AC9AEA5B10147567FE81D7D /* Pods */,
				DCCD3990B2122B3DA2DFEFD2 /* Frameworks */,
			);
			sourceTree = "<group>";
		};
		0110BB2B21F32B5500E6546A /* Products */ = {
			isa = PBXGroup;
			children = (
				0110BB2A21F32B5500E6546A /* MUJ Buddy.app */,
				01AFF68B22282D3F002403AF /* Attendance Widget.appex */,
			);
			name = Products;
			sourceTree = "<group>";
		};
		0110BB2C21F32B5500E6546A /* MUJ Buddy */ = {
			isa = PBXGroup;
			children = (
				01AFF6A3222839B0002403AF /* MUJ Buddy.entitlements */,
				01255052220E05EA008926A6 /* Session */,
				013AE8E92203680D00A8831C /* API */,
				01FD5A7322008F1C00ECDF3E /* Delegates */,
				01505C1A21F3424A005D7971 /* Models */,
				01505C1921F33FB9005D7971 /* Controllers */,
				0110BB4221F33D0400E6546A /* Views */,
				0110BB3F21F32D9500E6546A /* Helpers */,
				0110BB3421F32B5600E6546A /* Assets.xcassets */,
				0110BB3621F32B5600E6546A /* LaunchScreen.storyboard */,
				0110BB3921F32B5600E6546A /* Info.plist */,
			);
			path = "MUJ Buddy";
			sourceTree = "<group>";
		};
		0110BB3F21F32D9500E6546A /* Helpers */ = {
			isa = PBXGroup;
			children = (
				0110BB4021F32DA600E6546A /* Extensions.swift */,
				01B4C95521F4CA0E004D0DB4 /* Encryptor.swift */,
				01E9623621F4DB40002C9899 /* Constants.swift */,
				01E9623821F4F48F002C9899 /* UtilityFunctions.swift */,
				01261C9A2201FEDA00E6EB63 /* Enumerators.swift */,
				01483C51220A0DD50017E88A /* NotificationHelper.swift */,
				013F512A220C79BE007D1390 /* BiometricsHelper.swift */,
				01AFF685222815DA002403AF /* ShortcutsHelper.swift */,
			);
			path = Helpers;
			sourceTree = "<group>";
		};
		0110BB4221F33D0400E6546A /* Views */ = {
			isa = PBXGroup;
			children = (
				0110BB4321F33D1A00E6546A /* LoginPageCell.swift */,
				01505C1D21F38D60005D7971 /* LoginCell.swift */,
				0168081921FF7C7B007AA4DC /* DashCell.swift */,
				0168081D21FF7E01007AA4DC /* AttendanceCell.swift */,
				01261C9C220200B300E6EB63 /* EventsCell.swift */,
				013AE8E72203546A00A8831C /* GPACell.swift */,
				01A82FA42204562D002A13DF /* InternalsCell.swift */,
				01A400B0220591E300D6E510 /* ResultsCell.swift */,
				01483C492209C5CC0017E88A /* BottomMenuSheetCell.swift */,
				014B8E932211E4D600C0296B /* DashboardHeaderView.swift */,
				01197BA4222A8030002F1FC6 /* Settings.storyboard */,
			);
			path = Views;
			sourceTree = "<group>";
		};
		01255052220E05EA008926A6 /* Session */ = {
			isa = PBXGroup;
			children = (
				016D38CA220EC04200F12B0F /* app_pub */,
				01255053220E05FA008926A6 /* SessionManager.swift */,
			);
			path = Session;
			sourceTree = "<group>";
		};
		013AE8E92203680D00A8831C /* API */ = {
			isa = PBXGroup;
			children = (
				013AE8EA2203682900A8831C /* Service.swift */,
			);
			path = API;
			sourceTree = "<group>";
		};
		01505C1921F33FB9005D7971 /* Controllers */ = {
			isa = PBXGroup;
			children = (
				0110BB2F21F32B5500E6546A /* LoginViewController.swift */,
				0112A68521F4605200B269FA /* DashboardViewController.swift */,
				0112A68921F4607000B269FA /* ContactsViewController.swift */,
				0112A68B21F4607E00B269FA /* AboutViewController.swift */,
				0168081B21FF7DD2007AA4DC /* AttendanceViewController.swift */,
				0143EB6E21F5FDA3006B39F2 /* FacultyContactViewController.swift */,
				01261C982201F7CF00E6EB63 /* EventsViewController.swift */,
				013AE8E5220348B800A8831C /* GPAViewController.swift */,
				01A82FA222044A4C002A13DF /* InternalsViewController.swift */,
				01A400AE220590A900D6E510 /* ResultsViewController.swift */,
				01106DC7220601FB00C0DA40 /* FeesViewController.swift */,
				01483C472209BDDD0017E88A /* BottomMenuSheetController.swift */,
				013F512C220C8EE6007D1390 /* BiometricAuthController.swift */,
				014B8E952211F86B00C0296B /* StudentDetailedView.swift */,
				01197BA2222A74E1002F1FC6 /* SettingsViewController.swift */,
				01197BA6222AA5D5002F1FC6 /* AppInfoViewController.swift */,
			);
			path = Controllers;
			sourceTree = "<group>";
		};
		01505C1A21F3424A005D7971 /* Models */ = {
			isa = PBXGroup;
			children = (
				01505C1B21F34265005D7971 /* LoginPage.swift */,
				014512BE21F79E8000407B91 /* AttendanceModel.swift */,
				014512BB21F79E8000407B91 /* DashboardModel.swift */,
				014512BC21F79E8000407B91 /* EventsModel.swift */,
				014512BF21F79E8000407B91 /* FeeModel.swift */,
				014512BD21F79E8000407B91 /* GpaModel.swift */,
				014512C121F79E8000407B91 /* InternalsModel.swift */,
				014512C021F79E8000407B91 /* ResultsModel.swift */,
				0112A68F21F4884F00B269FA /* FacultyContactModel.swift */,
				0168081721FF7C52007AA4DC /* MenuModel.swift */,
				01483C4B2209CB5A0017E88A /* BottomMenuSheetModel.swift */,
			);
			path = Models;
			sourceTree = "<group>";
		};
		01AFF68E22282D3F002403AF /* Attendance Widget */ = {
			isa = PBXGroup;
			children = (
				01AFF6A4222839DC002403AF /* Attendance Widget.entitlements */,
				01AFF68F22282D3F002403AF /* TodayViewController.swift */,
				01AFF69122282D3F002403AF /* MainInterface.storyboard */,
				01AFF69422282D3F002403AF /* Info.plist */,
			);
			path = "Attendance Widget";
			sourceTree = "<group>";
		};
		01FD5A7322008F1C00ECDF3E /* Delegates */ = {
			isa = PBXGroup;
			children = (
				0110BB2D21F32B5500E6546A /* AppDelegate.swift */,
				01FD5A7422008F3D00ECDF3E /* LoginDelegate.swift */,
				01483C4F2209DBFE0017E88A /* BottomSheetDelegate.swift */,
				01474B52220AC8470073EBF6 /* AttendanceNotificationDelegate.swift */,
			);
			path = Delegates;
			sourceTree = "<group>";
		};
		8AC9AEA5B10147567FE81D7D /* Pods */ = {
			isa = PBXGroup;
			children = (
				55CB5F7C880ACE96728787BA /* Pods-MUJ Buddy.debug.xcconfig */,
				BE30A9571057720BD343ED4A /* Pods-MUJ Buddy.release.xcconfig */,
			);
			name = Pods;
			sourceTree = "<group>";
		};
		DCCD3990B2122B3DA2DFEFD2 /* Frameworks */ = {
			isa = PBXGroup;
			children = (
				BCFC1217EBE133AD5012E206 /* Pods_MUJ_Buddy.framework */,
				01AFF68C22282D3F002403AF /* NotificationCenter.framework */,
			);
			name = Frameworks;
			sourceTree = "<group>";
		};
/* End PBXGroup section */

/* Begin PBXNativeTarget section */
		0110BB2921F32B5500E6546A /* MUJ Buddy */ = {
			isa = PBXNativeTarget;
			buildConfigurationList = 0110BB3C21F32B5600E6546A /* Build configuration list for PBXNativeTarget "MUJ Buddy" */;
			buildPhases = (
				30CC4A7E9BD83566DA430F92 /* [CP] Check Pods Manifest.lock */,
				0110BB2621F32B5500E6546A /* Sources */,
				0110BB2721F32B5500E6546A /* Frameworks */,
				0110BB2821F32B5500E6546A /* Resources */,
				E5BD6149FE42DA89E937C745 /* [CP] Embed Pods Frameworks */,
				01AFF69B22282D3F002403AF /* Embed App Extensions */,
			);
			buildRules = (
			);
			dependencies = (
				01AFF69622282D3F002403AF /* PBXTargetDependency */,
			);
			name = "MUJ Buddy";
			productName = "MUJ Buddy";
			productReference = 0110BB2A21F32B5500E6546A /* MUJ Buddy.app */;
			productType = "com.apple.product-type.application";
		};
		01AFF68A22282D3F002403AF /* Attendance Widget */ = {
			isa = PBXNativeTarget;
			buildConfigurationList = 01AFF69822282D3F002403AF /* Build configuration list for PBXNativeTarget "Attendance Widget" */;
			buildPhases = (
				01AFF68722282D3F002403AF /* Sources */,
				01AFF68822282D3F002403AF /* Frameworks */,
				01AFF68922282D3F002403AF /* Resources */,
			);
			buildRules = (
			);
			dependencies = (
			);
			name = "Attendance Widget";
			productName = "Attendance Widget";
			productReference = 01AFF68B22282D3F002403AF /* Attendance Widget.appex */;
			productType = "com.apple.product-type.app-extension";
		};
/* End PBXNativeTarget section */

/* Begin PBXProject section */
		0110BB2221F32B5500E6546A /* Project object */ = {
			isa = PBXProject;
			attributes = {
				LastSwiftUpdateCheck = 1010;
				LastUpgradeCheck = 1010;
				ORGANIZATIONNAME = Nick;
				TargetAttributes = {
					0110BB2921F32B5500E6546A = {
						CreatedOnToolsVersion = 10.1;
						SystemCapabilities = {
							com.apple.ApplicationGroups.iOS = {
								enabled = 1;
							};
							com.apple.BackgroundModes = {
								enabled = 1;
							};
						};
					};
					01AFF68A22282D3F002403AF = {
						CreatedOnToolsVersion = 10.1;
						SystemCapabilities = {
							com.apple.ApplicationGroups.iOS = {
								enabled = 1;
							};
						};
					};
				};
			};
			buildConfigurationList = 0110BB2521F32B5500E6546A /* Build configuration list for PBXProject "MUJ Buddy" */;
			compatibilityVersion = "Xcode 9.3";
			developmentRegion = en;
			hasScannedForEncodings = 0;
			knownRegions = (
				en,
				Base,
			);
			mainGroup = 0110BB2121F32B5500E6546A;
			productRefGroup = 0110BB2B21F32B5500E6546A /* Products */;
			projectDirPath = "";
			projectRoot = "";
			targets = (
				0110BB2921F32B5500E6546A /* MUJ Buddy */,
				01AFF68A22282D3F002403AF /* Attendance Widget */,
			);
		};
/* End PBXProject section */

/* Begin PBXResourcesBuildPhase section */
		0110BB2821F32B5500E6546A /* Resources */ = {
			isa = PBXResourcesBuildPhase;
			buildActionMask = 2147483647;
			files = (
				016D38CB220EC04200F12B0F /* app_pub in Resources */,
				0110BB3821F32B5600E6546A /* LaunchScreen.storyboard in Resources */,
				0110BB3521F32B5600E6546A /* Assets.xcassets in Resources */,
				01197BA5222A8030002F1FC6 /* Settings.storyboard in Resources */,
			);
			runOnlyForDeploymentPostprocessing = 0;
		};
		01AFF68922282D3F002403AF /* Resources */ = {
			isa = PBXResourcesBuildPhase;
			buildActionMask = 2147483647;
			files = (
				01AFF69C2228308C002403AF /* Assets.xcassets in Resources */,
				01AFF69322282D3F002403AF /* MainInterface.storyboard in Resources */,
			);
			runOnlyForDeploymentPostprocessing = 0;
		};
/* End PBXResourcesBuildPhase section */

/* Begin PBXShellScriptBuildPhase section */
		30CC4A7E9BD83566DA430F92 /* [CP] Check Pods Manifest.lock */ = {
			isa = PBXShellScriptBuildPhase;
			buildActionMask = 2147483647;
			files = (
			);
			inputFileListPaths = (
			);
			inputPaths = (
				"${PODS_PODFILE_DIR_PATH}/Podfile.lock",
				"${PODS_ROOT}/Manifest.lock",
			);
			name = "[CP] Check Pods Manifest.lock";
			outputFileListPaths = (
			);
			outputPaths = (
				"$(DERIVED_FILE_DIR)/Pods-MUJ Buddy-checkManifestLockResult.txt",
			);
			runOnlyForDeploymentPostprocessing = 0;
			shellPath = /bin/sh;
			shellScript = "diff \"${PODS_PODFILE_DIR_PATH}/Podfile.lock\" \"${PODS_ROOT}/Manifest.lock\" > /dev/null\nif [ $? != 0 ] ; then\n    # print error to STDERR\n    echo \"error: The sandbox is not in sync with the Podfile.lock. Run 'pod install' or update your CocoaPods installation.\" >&2\n    exit 1\nfi\n# This output is used by Xcode 'outputs' to avoid re-running this script phase.\necho \"SUCCESS\" > \"${SCRIPT_OUTPUT_FILE_0}\"\n";
			showEnvVarsInLog = 0;
		};
		E5BD6149FE42DA89E937C745 /* [CP] Embed Pods Frameworks */ = {
			isa = PBXShellScriptBuildPhase;
			buildActionMask = 2147483647;
			files = (
			);
			inputFileListPaths = (
			);
			inputPaths = (
				"${SRCROOT}/Pods/Target Support Files/Pods-MUJ Buddy/Pods-MUJ Buddy-frameworks.sh",
				"${BUILT_PRODUCTS_DIR}/SwiftyRSA/SwiftyRSA.framework",
			);
			name = "[CP] Embed Pods Frameworks";
			outputFileListPaths = (
			);
			outputPaths = (
				"${TARGET_BUILD_DIR}/${FRAMEWORKS_FOLDER_PATH}/SwiftyRSA.framework",
			);
			runOnlyForDeploymentPostprocessing = 0;
			shellPath = /bin/sh;
			shellScript = "\"${SRCROOT}/Pods/Target Support Files/Pods-MUJ Buddy/Pods-MUJ Buddy-frameworks.sh\"\n";
			showEnvVarsInLog = 0;
		};
/* End PBXShellScriptBuildPhase section */

/* Begin PBXSourcesBuildPhase section */
		0110BB2621F32B5500E6546A /* Sources */ = {
			isa = PBXSourcesBuildPhase;
			buildActionMask = 2147483647;
			files = (
				01AFF686222815DA002403AF /* ShortcutsHelper.swift in Sources */,
				013AE8E82203546A00A8831C /* GPACell.swift in Sources */,
				01483C4C2209CB5A0017E88A /* BottomMenuSheetModel.swift in Sources */,
				01B4C95621F4CA0E004D0DB4 /* Encryptor.swift in Sources */,
				0168081A21FF7C7B007AA4DC /* DashCell.swift in Sources */,
				0110BB4421F33D1A00E6546A /* LoginPageCell.swift in Sources */,
				01474B53220AC8470073EBF6 /* AttendanceNotificationDelegate.swift in Sources */,
				0168081C21FF7DD2007AA4DC /* AttendanceViewController.swift in Sources */,
				01483C52220A0DD50017E88A /* NotificationHelper.swift in Sources */,
				0112A68C21F4607E00B269FA /* AboutViewController.swift in Sources */,
				0110BB3021F32B5500E6546A /* LoginViewController.swift in Sources */,
				01E9623721F4DB40002C9899 /* Constants.swift in Sources */,
				013AE8E6220348B800A8831C /* GPAViewController.swift in Sources */,
				01A82FA52204562D002A13DF /* InternalsCell.swift in Sources */,
				013F512D220C8EE6007D1390 /* BiometricAuthController.swift in Sources */,
				014B8E942211E4D600C0296B /* DashboardHeaderView.swift in Sources */,
				0110BB4121F32DA600E6546A /* Extensions.swift in Sources */,
				0168081E21FF7E01007AA4DC /* AttendanceCell.swift in Sources */,
				0168081821FF7C52007AA4DC /* MenuModel.swift in Sources */,
				014B8E962211F86B00C0296B /* StudentDetailedView.swift in Sources */,
				0143EB6F21F5FDA3006B39F2 /* FacultyContactViewController.swift in Sources */,
				01505C1C21F34265005D7971 /* LoginPage.swift in Sources */,
				014512C221F79E8000407B91 /* DashboardModel.swift in Sources */,
				0110BB2E21F32B5500E6546A /* AppDelegate.swift in Sources */,
				0112A69021F4884F00B269FA /* FacultyContactModel.swift in Sources */,
				014512C321F79E8000407B91 /* EventsModel.swift in Sources */,
				013F512B220C79BE007D1390 /* BiometricsHelper.swift in Sources */,
				01255054220E05FA008926A6 /* SessionManager.swift in Sources */,
				01505C1E21F38D60005D7971 /* LoginCell.swift in Sources */,
				0112A68621F4605200B269FA /* DashboardViewController.swift in Sources */,
				01261C9D220200B300E6EB63 /* EventsCell.swift in Sources */,
				014512C821F79E8000407B91 /* InternalsModel.swift in Sources */,
				01A400AF220590A900D6E510 /* ResultsViewController.swift in Sources */,
				01197BA3222A74E1002F1FC6 /* SettingsViewController.swift in Sources */,
				01197BA7222AA5D5002F1FC6 /* AppInfoViewController.swift in Sources */,
				013AE8EB2203682900A8831C /* Service.swift in Sources */,
				01261C9B2201FEDA00E6EB63 /* Enumerators.swift in Sources */,
				014512C721F79E8000407B91 /* ResultsModel.swift in Sources */,
				01106DC8220601FB00C0DA40 /* FeesViewController.swift in Sources */,
				0112A68A21F4607000B269FA /* ContactsViewController.swift in Sources */,
				01E9623921F4F48F002C9899 /* UtilityFunctions.swift in Sources */,
				014512C621F79E8000407B91 /* FeeModel.swift in Sources */,
				014512C421F79E8000407B91 /* GpaModel.swift in Sources */,
				01483C4A2209C5CC0017E88A /* BottomMenuSheetCell.swift in Sources */,
				014512C521F79E8000407B91 /* AttendanceModel.swift in Sources */,
				01261C992201F7CF00E6EB63 /* EventsViewController.swift in Sources */,
				01483C502209DBFE0017E88A /* BottomSheetDelegate.swift in Sources */,
				01A82FA322044A4C002A13DF /* InternalsViewController.swift in Sources */,
				01FD5A7522008F3D00ECDF3E /* LoginDelegate.swift in Sources */,
				01A400B1220591E300D6E510 /* ResultsCell.swift in Sources */,
				01483C482209BDDD0017E88A /* BottomMenuSheetController.swift in Sources */,
			);
			runOnlyForDeploymentPostprocessing = 0;
		};
		01AFF68722282D3F002403AF /* Sources */ = {
			isa = PBXSourcesBuildPhase;
			buildActionMask = 2147483647;
			files = (
				01AFF6A222283779002403AF /* Extensions.swift in Sources */,
				01AFF6A122283766002403AF /* AttendanceModel.swift in Sources */,
				01AFF6A022283756002403AF /* UtilityFunctions.swift in Sources */,
				01AFF69022282D3F002403AF /* TodayViewController.swift in Sources */,
				01AFF69F22283756002403AF /* Constants.swift in Sources */,
			);
			runOnlyForDeploymentPostprocessing = 0;
		};
/* End PBXSourcesBuildPhase section */

/* Begin PBXTargetDependency section */
		01AFF69622282D3F002403AF /* PBXTargetDependency */ = {
			isa = PBXTargetDependency;
			target = 01AFF68A22282D3F002403AF /* Attendance Widget */;
			targetProxy = 01AFF69522282D3F002403AF /* PBXContainerItemProxy */;
		};
/* End PBXTargetDependency section */

/* Begin PBXVariantGroup section */
		0110BB3621F32B5600E6546A /* LaunchScreen.storyboard */ = {
			isa = PBXVariantGroup;
			children = (
				0110BB3721F32B5600E6546A /* Base */,
			);
			name = LaunchScreen.storyboard;
			sourceTree = "<group>";
		};
		01AFF69122282D3F002403AF /* MainInterface.storyboard */ = {
			isa = PBXVariantGroup;
			children = (
				01AFF69222282D3F002403AF /* Base */,
			);
			name = MainInterface.storyboard;
			sourceTree = "<group>";
		};
/* End PBXVariantGroup section */

/* Begin XCBuildConfiguration section */
		0110BB3A21F32B5600E6546A /* Debug */ = {
			isa = XCBuildConfiguration;
			buildSettings = {
				ALWAYS_SEARCH_USER_PATHS = NO;
				CLANG_ANALYZER_NONNULL = YES;
				CLANG_ANALYZER_NUMBER_OBJECT_CONVERSION = YES_AGGRESSIVE;
				CLANG_CXX_LANGUAGE_STANDARD = "gnu++14";
				CLANG_CXX_LIBRARY = "libc++";
				CLANG_ENABLE_MODULES = YES;
				CLANG_ENABLE_OBJC_ARC = YES;
				CLANG_ENABLE_OBJC_WEAK = YES;
				CLANG_WARN_BLOCK_CAPTURE_AUTORELEASING = YES;
				CLANG_WARN_BOOL_CONVERSION = YES;
				CLANG_WARN_COMMA = YES;
				CLANG_WARN_CONSTANT_CONVERSION = YES;
				CLANG_WARN_DEPRECATED_OBJC_IMPLEMENTATIONS = YES;
				CLANG_WARN_DIRECT_OBJC_ISA_USAGE = YES_ERROR;
				CLANG_WARN_DOCUMENTATION_COMMENTS = YES;
				CLANG_WARN_EMPTY_BODY = YES;
				CLANG_WARN_ENUM_CONVERSION = YES;
				CLANG_WARN_INFINITE_RECURSION = YES;
				CLANG_WARN_INT_CONVERSION = YES;
				CLANG_WARN_NON_LITERAL_NULL_CONVERSION = YES;
				CLANG_WARN_OBJC_IMPLICIT_RETAIN_SELF = YES;
				CLANG_WARN_OBJC_LITERAL_CONVERSION = YES;
				CLANG_WARN_OBJC_ROOT_CLASS = YES_ERROR;
				CLANG_WARN_RANGE_LOOP_ANALYSIS = YES;
				CLANG_WARN_STRICT_PROTOTYPES = YES;
				CLANG_WARN_SUSPICIOUS_MOVE = YES;
				CLANG_WARN_UNGUARDED_AVAILABILITY = YES_AGGRESSIVE;
				CLANG_WARN_UNREACHABLE_CODE = YES;
				CLANG_WARN__DUPLICATE_METHOD_MATCH = YES;
				CODE_SIGN_IDENTITY = "iPhone Developer";
				COPY_PHASE_STRIP = NO;
				DEBUG_INFORMATION_FORMAT = dwarf;
				ENABLE_STRICT_OBJC_MSGSEND = YES;
				ENABLE_TESTABILITY = YES;
				GCC_C_LANGUAGE_STANDARD = gnu11;
				GCC_DYNAMIC_NO_PIC = NO;
				GCC_NO_COMMON_BLOCKS = YES;
				GCC_OPTIMIZATION_LEVEL = 0;
				GCC_PREPROCESSOR_DEFINITIONS = (
					"DEBUG=1",
					"$(inherited)",
				);
				GCC_WARN_64_TO_32_BIT_CONVERSION = YES;
				GCC_WARN_ABOUT_RETURN_TYPE = YES_ERROR;
				GCC_WARN_UNDECLARED_SELECTOR = YES;
				GCC_WARN_UNINITIALIZED_AUTOS = YES_AGGRESSIVE;
				GCC_WARN_UNUSED_FUNCTION = YES;
				GCC_WARN_UNUSED_VARIABLE = YES;
				IPHONEOS_DEPLOYMENT_TARGET = 12.1;
				MTL_ENABLE_DEBUG_INFO = INCLUDE_SOURCE;
				MTL_FAST_MATH = YES;
				ONLY_ACTIVE_ARCH = YES;
				SDKROOT = iphoneos;
				SWIFT_ACTIVE_COMPILATION_CONDITIONS = DEBUG;
				SWIFT_OPTIMIZATION_LEVEL = "-Onone";
			};
			name = Debug;
		};
		0110BB3B21F32B5600E6546A /* Release */ = {
			isa = XCBuildConfiguration;
			buildSettings = {
				ALWAYS_SEARCH_USER_PATHS = NO;
				CLANG_ANALYZER_NONNULL = YES;
				CLANG_ANALYZER_NUMBER_OBJECT_CONVERSION = YES_AGGRESSIVE;
				CLANG_CXX_LANGUAGE_STANDARD = "gnu++14";
				CLANG_CXX_LIBRARY = "libc++";
				CLANG_ENABLE_MODULES = YES;
				CLANG_ENABLE_OBJC_ARC = YES;
				CLANG_ENABLE_OBJC_WEAK = YES;
				CLANG_WARN_BLOCK_CAPTURE_AUTORELEASING = YES;
				CLANG_WARN_BOOL_CONVERSION = YES;
				CLANG_WARN_COMMA = YES;
				CLANG_WARN_CONSTANT_CONVERSION = YES;
				CLANG_WARN_DEPRECATED_OBJC_IMPLEMENTATIONS = YES;
				CLANG_WARN_DIRECT_OBJC_ISA_USAGE = YES_ERROR;
				CLANG_WARN_DOCUMENTATION_COMMENTS = YES;
				CLANG_WARN_EMPTY_BODY = YES;
				CLANG_WARN_ENUM_CONVERSION = YES;
				CLANG_WARN_INFINITE_RECURSION = YES;
				CLANG_WARN_INT_CONVERSION = YES;
				CLANG_WARN_NON_LITERAL_NULL_CONVERSION = YES;
				CLANG_WARN_OBJC_IMPLICIT_RETAIN_SELF = YES;
				CLANG_WARN_OBJC_LITERAL_CONVERSION = YES;
				CLANG_WARN_OBJC_ROOT_CLASS = YES_ERROR;
				CLANG_WARN_RANGE_LOOP_ANALYSIS = YES;
				CLANG_WARN_STRICT_PROTOTYPES = YES;
				CLANG_WARN_SUSPICIOUS_MOVE = YES;
				CLANG_WARN_UNGUARDED_AVAILABILITY = YES_AGGRESSIVE;
				CLANG_WARN_UNREACHABLE_CODE = YES;
				CLANG_WARN__DUPLICATE_METHOD_MATCH = YES;
				CODE_SIGN_IDENTITY = "iPhone Developer";
				COPY_PHASE_STRIP = NO;
				DEBUG_INFORMATION_FORMAT = "dwarf-with-dsym";
				ENABLE_NS_ASSERTIONS = NO;
				ENABLE_STRICT_OBJC_MSGSEND = YES;
				GCC_C_LANGUAGE_STANDARD = gnu11;
				GCC_NO_COMMON_BLOCKS = YES;
				GCC_WARN_64_TO_32_BIT_CONVERSION = YES;
				GCC_WARN_ABOUT_RETURN_TYPE = YES_ERROR;
				GCC_WARN_UNDECLARED_SELECTOR = YES;
				GCC_WARN_UNINITIALIZED_AUTOS = YES_AGGRESSIVE;
				GCC_WARN_UNUSED_FUNCTION = YES;
				GCC_WARN_UNUSED_VARIABLE = YES;
				IPHONEOS_DEPLOYMENT_TARGET = 12.1;
				MTL_ENABLE_DEBUG_INFO = NO;
				MTL_FAST_MATH = YES;
				SDKROOT = iphoneos;
				SWIFT_COMPILATION_MODE = wholemodule;
				SWIFT_OPTIMIZATION_LEVEL = "-O";
				VALIDATE_PRODUCT = YES;
			};
			name = Release;
		};
		0110BB3D21F32B5600E6546A /* Debug */ = {
			isa = XCBuildConfiguration;
			baseConfigurationReference = 55CB5F7C880ACE96728787BA /* Pods-MUJ Buddy.debug.xcconfig */;
			buildSettings = {
				ALWAYS_EMBED_SWIFT_STANDARD_LIBRARIES = YES;
				ASSETCATALOG_COMPILER_APPICON_NAME = AppIcon;
				CODE_SIGN_ENTITLEMENTS = "MUJ Buddy/MUJ Buddy.entitlements";
				CODE_SIGN_STYLE = Automatic;
				DEVELOPMENT_TEAM = LUPK75PW6Q;
				INFOPLIST_FILE = "MUJ Buddy/Info.plist";
				IPHONEOS_DEPLOYMENT_TARGET = 11.0;
				LD_RUNPATH_SEARCH_PATHS = (
					"$(inherited)",
					"@executable_path/Frameworks",
				);
				PRODUCT_BUNDLE_IDENTIFIER = "com.black-dragon74.MUJ-Buddy";
				PRODUCT_NAME = "$(TARGET_NAME)";
				SWIFT_VERSION = 4.2;
				TARGETED_DEVICE_FAMILY = "1,2";
			};
			name = Debug;
		};
		0110BB3E21F32B5600E6546A /* Release */ = {
			isa = XCBuildConfiguration;
			baseConfigurationReference = BE30A9571057720BD343ED4A /* Pods-MUJ Buddy.release.xcconfig */;
			buildSettings = {
				ALWAYS_EMBED_SWIFT_STANDARD_LIBRARIES = YES;
				ASSETCATALOG_COMPILER_APPICON_NAME = AppIcon;
				CODE_SIGN_ENTITLEMENTS = "MUJ Buddy/MUJ Buddy.entitlements";
				CODE_SIGN_STYLE = Automatic;
				DEVELOPMENT_TEAM = LUPK75PW6Q;
				INFOPLIST_FILE = "MUJ Buddy/Info.plist";
				IPHONEOS_DEPLOYMENT_TARGET = 11.0;
				LD_RUNPATH_SEARCH_PATHS = (
					"$(inherited)",
					"@executable_path/Frameworks",
				);
				PRODUCT_BUNDLE_IDENTIFIER = "com.black-dragon74.MUJ-Buddy";
				PRODUCT_NAME = "$(TARGET_NAME)";
				SWIFT_VERSION = 4.2;
				TARGETED_DEVICE_FAMILY = "1,2";
			};
			name = Release;
		};
		01AFF69922282D3F002403AF /* Debug */ = {
			isa = XCBuildConfiguration;
			buildSettings = {
				CODE_SIGN_ENTITLEMENTS = "Attendance Widget/Attendance Widget.entitlements";
				CODE_SIGN_STYLE = Automatic;
				DEVELOPMENT_TEAM = LUPK75PW6Q;
				INFOPLIST_FILE = "Attendance Widget/Info.plist";
				IPHONEOS_DEPLOYMENT_TARGET = 11.0;
				LD_RUNPATH_SEARCH_PATHS = (
					"$(inherited)",
					"@executable_path/Frameworks",
					"@executable_path/../../Frameworks",
				);
				PRODUCT_BUNDLE_IDENTIFIER = "com.black-dragon74.MUJ-Buddy.Attendance-Widget";
				PRODUCT_NAME = "$(TARGET_NAME)";
				SKIP_INSTALL = YES;
				SWIFT_VERSION = 4.2;
				TARGETED_DEVICE_FAMILY = "1,2";
			};
			name = Debug;
		};
		01AFF69A22282D3F002403AF /* Release */ = {
			isa = XCBuildConfiguration;
			buildSettings = {
				CODE_SIGN_ENTITLEMENTS = "Attendance Widget/Attendance Widget.entitlements";
				CODE_SIGN_STYLE = Automatic;
				DEVELOPMENT_TEAM = LUPK75PW6Q;
				INFOPLIST_FILE = "Attendance Widget/Info.plist";
				IPHONEOS_DEPLOYMENT_TARGET = 11.0;
				LD_RUNPATH_SEARCH_PATHS = (
					"$(inherited)",
					"@executable_path/Frameworks",
					"@executable_path/../../Frameworks",
				);
				PRODUCT_BUNDLE_IDENTIFIER = "com.black-dragon74.MUJ-Buddy.Attendance-Widget";
				PRODUCT_NAME = "$(TARGET_NAME)";
				SKIP_INSTALL = YES;
				SWIFT_VERSION = 4.2;
				TARGETED_DEVICE_FAMILY = "1,2";
			};
			name = Release;
		};
/* End XCBuildConfiguration section */

/* Begin XCConfigurationList section */
		0110BB2521F32B5500E6546A /* Build configuration list for PBXProject "MUJ Buddy" */ = {
			isa = XCConfigurationList;
			buildConfigurations = (
				0110BB3A21F32B5600E6546A /* Debug */,
				0110BB3B21F32B5600E6546A /* Release */,
			);
			defaultConfigurationIsVisible = 0;
			defaultConfigurationName = Release;
		};
		0110BB3C21F32B5600E6546A /* Build configuration list for PBXNativeTarget "MUJ Buddy" */ = {
			isa = XCConfigurationList;
			buildConfigurations = (
				0110BB3D21F32B5600E6546A /* Debug */,
				0110BB3E21F32B5600E6546A /* Release */,
			);
			defaultConfigurationIsVisible = 0;
			defaultConfigurationName = Release;
		};
		01AFF69822282D3F002403AF /* Build configuration list for PBXNativeTarget "Attendance Widget" */ = {
			isa = XCConfigurationList;
			buildConfigurations = (
				01AFF69922282D3F002403AF /* Debug */,
				01AFF69A22282D3F002403AF /* Release */,
			);
			defaultConfigurationIsVisible = 0;
			defaultConfigurationName = Release;
		};
/* End XCConfigurationList section */
	};
	rootObject = 0110BB2221F32B5500E6546A /* Project object */;
}
